
Microsoft Visual Studio Solution File, Format Version 12.00
# Visual Studio 15
VisualStudioVersion = 15.0.26430.12
MinimumVisualStudioVersion = 10.0.40219.1
Project("{FAE04EC0-301F-11D3-BF4B-00C04F79EFBC}") = "TI.GS1", "GS1BarcodeParser\TI.GS1.csproj", "{DB80BE79-54B8-4B34-8803-C607347CC4EB}"
EndProject
Project("{FAE04EC0-301F-11D3-BF4B-00C04F79EFBC}") = "Sandbox", "GS1 Parser Console Sandbox\Sandbox.csproj", "{45ACB174-8CF9-4B60-B981-A39E3D711DE5}"
EndProject
Project("{FAE04EC0-301F-11D3-BF4B-00C04F79EFBC}") = "TI.GS1.API", "GS1API\TI.GS1.API.csproj", "{BBE60872-4490-4833-8BAD-1A871AA263C3}"
EndProject
Global
	GlobalSection(SolutionConfigurationPlatforms) = preSolution
		Debug|Any CPU = Debug|Any CPU
		Release|Any CPU = Release|Any CPU
	EndGlobalSection
	GlobalSection(ProjectConfigurationPlatforms) = postSolution
		{DB80BE79-54B8-4B34-8803-C607347CC4EB}.Debug|Any CPU.ActiveCfg = Debug|Any CPU
		{DB80BE79-54B8-4B34-8803-C607347CC4EB}.Debug|Any CPU.Build.0 = Debug|Any CPU
		{DB80BE79-54B8-4B34-8803-C607347CC4EB}.Release|Any CPU.ActiveCfg = Release|Any CPU
		{DB80BE79-54B8-4B34-8803-C607347CC4EB}.Release|Any CPU.Build.0 = Release|Any CPU
		{45ACB174-8CF9-4B60-B981-A39E3D711DE5}.Debug|Any CPU.ActiveCfg = Debug|Any CPU
		{45ACB174-8CF9-4B60-B981-A39E3D711DE5}.Debug|Any CPU.Build.0 = Debug|Any CPU
		{45ACB174-8CF9-4B60-B981-A39E3D711DE5}.Release|Any CPU.ActiveCfg = Release|Any CPU
		{45ACB174-8CF9-4B60-B981-A39E3D711DE5}.Release|Any CPU.Build.0 = Release|Any CPU
		{BBE60872-4490-4833-8BAD-1A871AA263C3}.Debug|Any CPU.ActiveCfg = Debug|Any CPU
		{BBE60872-4490-4833-8BAD-1A871AA263C3}.Debug|Any CPU.Build.0 = Debug|Any CPU
		{BBE60872-4490-4833-8BAD-1A871AA263C3}.Release|Any CPU.ActiveCfg = Release|Any CPU
		{BBE60872-4490-4833-8BAD-1A871AA263C3}.Release|Any CPU.Build.0 = Release|Any CPU
	EndGlobalSection
	GlobalSection(SolutionProperties) = preSolution
		HideSolutionNode = FALSE
	EndGlobalSection
	GlobalSection(ExtensibilityGlobals) = postSolution
		SolutionGuid = {A3382EEC-2DD3-4B84-9980-559A859FD945}
	EndGlobalSection
EndGlobal
